
Microsoft Visual Studio Solution File, Format Version 12.00
# Visual Studio Version 16
VisualStudioVersion = 16.0.29911.84
MinimumVisualStudioVersion = 10.0.40219.1
Project("{FAE04EC0-301F-11D3-BF4B-00C04F79EFBC}") = "Thandizo.SMS.ClientWorker", "Thandizo.SMS.ClientWorker\Thandizo.SMS.ClientWorker.csproj", "{849DB55E-EF3C-40E4-89CE-B2E48202FF5E}"
EndProject
Global
	GlobalSection(SolutionConfigurationPlatforms) = preSolution
		Debug|Any CPU = Debug|Any CPU
		Release|Any CPU = Release|Any CPU
	EndGlobalSection
	GlobalSection(ProjectConfigurationPlatforms) = postSolution
		{849DB55E-EF3C-40E4-89CE-B2E48202FF5E}.Debug|Any CPU.ActiveCfg = Debug|Any CPU
		{849DB55E-EF3C-40E4-89CE-B2E48202FF5E}.Debug|Any CPU.Build.0 = Debug|Any CPU
		{849DB55E-EF3C-40E4-89CE-B2E48202FF5E}.Release|Any CPU.ActiveCfg = Release|Any CPU
		{849DB55E-EF3C-40E4-89CE-B2E48202FF5E}.Release|Any CPU.Build.0 = Release|Any CPU
	EndGlobalSection
	GlobalSection(SolutionProperties) = preSolution
		HideSolutionNode = FALSE
	EndGlobalSection
	GlobalSection(ExtensibilityGlobals) = postSolution
		SolutionGuid = {9465B646-6E0A-4DFF-83A2-03335BD8C61B}
	EndGlobalSection
EndGlobal
